
Microsoft Visual Studio Solution File, Format Version 12.00
# Visual Studio Version 17
VisualStudioVersion = 17.3.32811.315
MinimumVisualStudioVersion = 10.0.40219.1
Project("{FAE04EC0-301F-11D3-BF4B-00C04F79EFBC}") = "Uppgift 5.5", "Uppgift 5.5\Uppgift 5.5.csproj", "{A58F6275-E80B-49D5-A008-246425CD22FD}"
EndProject
Global
	GlobalSection(SolutionConfigurationPlatforms) = preSolution
		Debug|Any CPU = Debug|Any CPU
		Release|Any CPU = Release|Any CPU
	EndGlobalSection
	GlobalSection(ProjectConfigurationPlatforms) = postSolution
		{A58F6275-E80B-49D5-A008-246425CD22FD}.Debug|Any CPU.ActiveCfg = Debug|Any CPU
		{A58F6275-E80B-49D5-A008-246425CD22FD}.Debug|Any CPU.Build.0 = Debug|Any CPU
		{A58F6275-E80B-49D5-A008-246425CD22FD}.Release|Any CPU.ActiveCfg = Release|Any CPU
		{A58F6275-E80B-49D5-A008-246425CD22FD}.Release|Any CPU.Build.0 = Release|Any CPU
	EndGlobalSection
	GlobalSection(SolutionProperties) = preSolution
		HideSolutionNode = FALSE
	EndGlobalSection
	GlobalSection(ExtensibilityGlobals) = postSolution
		SolutionGuid = {7D83993B-C4DE-41F7-8E19-54B2E8E1CB56}
	EndGlobalSection
EndGlobal
